// !$*UTF8*$!
{
	archiveVersion = 1;
	classes = {
	};
	objectVersion = 50;
	objects = {

/* Begin PBXBuildFile section */
		617AB471242B244800959EEE /* AppDelegate.m in Sources */ = {isa = PBXBuildFile; fileRef = 617AB470242B244800959EEE /* AppDelegate.m */; };
		617AB474242B244800959EEE /* SceneDelegate.m in Sources */ = {isa = PBXBuildFile; fileRef = 617AB473242B244800959EEE /* SceneDelegate.m */; };
		617AB477242B244800959EEE /* ViewController.m in Sources */ = {isa = PBXBuildFile; fileRef = 617AB476242B244800959EEE /* ViewController.m */; };
		617AB47A242B244800959EEE /* Main.storyboard in Resources */ = {isa = PBXBuildFile; fileRef = 617AB478242B244800959EEE /* Main.storyboard */; };
		617AB47C242B244B00959EEE /* Assets.xcassets in Resources */ = {isa = PBXBuildFile; fileRef = 617AB47B242B244B00959EEE /* Assets.xcassets */; };
		617AB47F242B244B00959EEE /* LaunchScreen.storyboard in Resources */ = {isa = PBXBuildFile; fileRef = 617AB47D242B244B00959EEE /* LaunchScreen.storyboard */; };
		617AB482242B244B00959EEE /* main.m in Sources */ = {isa = PBXBuildFile; fileRef = 617AB481242B244B00959EEE /* main.m */; };
		617AB48C242B244B00959EEE /* LJDownloadManagerTests.m in Sources */ = {isa = PBXBuildFile; fileRef = 617AB48B242B244B00959EEE /* LJDownloadManagerTests.m */; };
		617AB497242B244B00959EEE /* LJDownloadManagerUITests.m in Sources */ = {isa = PBXBuildFile; fileRef = 617AB496242B244B00959EEE /* LJDownloadManagerUITests.m */; };
		617AB4AE242B250B00959EEE /* LJDownloadModel.m in Sources */ = {isa = PBXBuildFile; fileRef = 617AB4AB242B250A00959EEE /* LJDownloadModel.m */; };
		617AB4AF242B250B00959EEE /* LJDownloadManager.m in Sources */ = {isa = PBXBuildFile; fileRef = 617AB4AD242B250B00959EEE /* LJDownloadManager.m */; };
/* End PBXBuildFile section */

/* Begin PBXContainerItemProxy section */
		617AB488242B244B00959EEE /* PBXContainerItemProxy */ = {
			isa = PBXContainerItemProxy;
			containerPortal = 617AB464242B244800959EEE /* Project object */;
			proxyType = 1;
			remoteGlobalIDString = 617AB46B242B244800959EEE;
			remoteInfo = LJDownloadManager;
		};
		617AB493242B244B00959EEE /* PBXContainerItemProxy */ = {
			isa = PBXContainerItemProxy;
			containerPortal = 617AB464242B244800959EEE /* Project object */;
			proxyType = 1;
			remoteGlobalIDString = 617AB46B242B244800959EEE;
			remoteInfo = LJDownloadManager;
		};
/* End PBXContainerItemProxy section */

/* Begin PBXFileReference section */
		617AB46C242B244800959EEE /* LJDownloadManager.app */ = {isa = PBXFileReference; explicitFileType = wrapper.application; includeInIndex = 0; path = LJDownloadManager.app; sourceTree = BUILT_PRODUCTS_DIR; };
		617AB46F242B244800959EEE /* AppDelegate.h */ = {isa = PBXFileReference; lastKnownFileType = sourcecode.c.h; path = AppDelegate.h; sourceTree = "<group>"; };
		617AB470242B244800959EEE /* AppDelegate.m */ = {isa = PBXFileReference; lastKnownFileType = sourcecode.c.objc; path = AppDelegate.m; sourceTree = "<group>"; };
		617AB472242B244800959EEE /* SceneDelegate.h */ = {isa = PBXFileReference; lastKnownFileType = sourcecode.c.h; path = SceneDelegate.h; sourceTree = "<group>"; };
		617AB473242B244800959EEE /* SceneDelegate.m */ = {isa = PBXFileReference; lastKnownFileType = sourcecode.c.objc; path = SceneDelegate.m; sourceTree = "<group>"; };
		617AB475242B244800959EEE /* ViewController.h */ = {isa = PBXFileReference; lastKnownFileType = sourcecode.c.h; path = ViewController.h; sourceTree = "<group>"; };
		617AB476242B244800959EEE /* ViewController.m */ = {isa = PBXFileReference; lastKnownFileType = sourcecode.c.objc; path = ViewController.m; sourceTree = "<group>"; };
		617AB479242B244800959EEE /* Base */ = {isa = PBXFileReference; lastKnownFileType = file.storyboard; name = Base; path = Base.lproj/Main.storyboard; sourceTree = "<group>"; };
		617AB47B242B244B00959EEE /* Assets.xcassets */ = {isa = PBXFileReference; lastKnownFileType = folder.assetcatalog; path = Assets.xcassets; sourceTree = "<group>"; };
		617AB47E242B244B00959EEE /* Base */ = {isa = PBXFileReference; lastKnownFileType = file.storyboard; name = Base; path = Base.lproj/LaunchScreen.storyboard; sourceTree = "<group>"; };
		617AB480242B244B00959EEE /* Info.plist */ = {isa = PBXFileReference; lastKnownFileType = text.plist.xml; path = Info.plist; sourceTree = "<group>"; };
		617AB481242B244B00959EEE /* main.m */ = {isa = PBXFileReference; lastKnownFileType = sourcecode.c.objc; path = main.m; sourceTree = "<group>"; };
		617AB487242B244B00959EEE /* LJDownloadManagerTests.xctest */ = {isa = PBXFileReference; explicitFileType = wrapper.cfbundle; includeInIndex = 0; path = LJDownloadManagerTests.xctest; sourceTree = BUILT_PRODUCTS_DIR; };
		617AB48B242B244B00959EEE /* LJDownloadManagerTests.m */ = {isa = PBXFileReference; lastKnownFileType = sourcecode.c.objc; path = LJDownloadManagerTests.m; sourceTree = "<group>"; };
		617AB48D242B244B00959EEE /* Info.plist */ = {isa = PBXFileReference; lastKnownFileType = text.plist.xml; path = Info.plist; sourceTree = "<group>"; };
		617AB492242B244B00959EEE /* LJDownloadManagerUITests.xctest */ = {isa = PBXFileReference; explicitFileType = wrapper.cfbundle; includeInIndex = 0; path = LJDownloadManagerUITests.xctest; sourceTree = BUILT_PRODUCTS_DIR; };
		617AB496242B244B00959EEE /* LJDownloadManagerUITests.m */ = {isa = PBXFileReference; lastKnownFileType = sourcecode.c.objc; path = LJDownloadManagerUITests.m; sourceTree = "<group>"; };
		617AB498242B244B00959EEE /* Info.plist */ = {isa = PBXFileReference; lastKnownFileType = text.plist.xml; path = Info.plist; sourceTree = "<group>"; };
		617AB4AA242B250A00959EEE /* LJDownloadManager.h */ = {isa = PBXFileReference; fileEncoding = 4; lastKnownFileType = sourcecode.c.h; path = LJDownloadManager.h; sourceTree = "<group>"; };
		617AB4AB242B250A00959EEE /* LJDownloadModel.m */ = {isa = PBXFileReference; fileEncoding = 4; lastKnownFileType = sourcecode.c.objc; path = LJDownloadModel.m; sourceTree = "<group>"; };
		617AB4AC242B250B00959EEE /* LJDownloadModel.h */ = {isa = PBXFileReference; fileEncoding = 4; lastKnownFileType = sourcecode.c.h; path = LJDownloadModel.h; sourceTree = "<group>"; };
		617AB4AD242B250B00959EEE /* LJDownloadManager.m */ = {isa = PBXFileReference; fileEncoding = 4; lastKnownFileType = sourcecode.c.objc; path = LJDownloadManager.m; sourceTree = "<group>"; };
/* End PBXFileReference section */

/* Begin PBXFrameworksBuildPhase section */
		617AB469242B244800959EEE /* Frameworks */ = {
			isa = PBXFrameworksBuildPhase;
			buildActionMask = 2147483647;
			files = (
			);
			runOnlyForDeploymentPostprocessing = 0;
		};
		617AB484242B244B00959EEE /* Frameworks */ = {
			isa = PBXFrameworksBuildPhase;
			buildActionMask = 2147483647;
			files = (
			);
			runOnlyForDeploymentPostprocessing = 0;
		};
		617AB48F242B244B00959EEE /* Frameworks */ = {
			isa = PBXFrameworksBuildPhase;
			buildActionMask = 2147483647;
			files = (
			);
			runOnlyForDeploymentPostprocessing = 0;
		};
/* End PBXFrameworksBuildPhase section */

/* Begin PBXGroup section */
		617AB463242B244800959EEE = {
			isa = PBXGroup;
			children = (
				617AB46E242B244800959EEE /* LJDownloadManager */,
				617AB48A242B244B00959EEE /* LJDownloadManagerTests */,
				617AB495242B244B00959EEE /* LJDownloadManagerUITests */,
				617AB46D242B244800959EEE /* Products */,
			);
			sourceTree = "<group>";
		};
		617AB46D242B244800959EEE /* Products */ = {
			isa = PBXGroup;
			children = (
				617AB46C242B244800959EEE /* LJDownloadManager.app */,
				617AB487242B244B00959EEE /* LJDownloadManagerTests.xctest */,
				617AB492242B244B00959EEE /* LJDownloadManagerUITests.xctest */,
			);
			name = Products;
			sourceTree = "<group>";
		};
		617AB46E242B244800959EEE /* LJDownloadManager */ = {
			isa = PBXGroup;
			children = (
				617AB4AA242B250A00959EEE /* LJDownloadManager.h */,
				617AB4AD242B250B00959EEE /* LJDownloadManager.m */,
				617AB4AC242B250B00959EEE /* LJDownloadModel.h */,
				617AB4AB242B250A00959EEE /* LJDownloadModel.m */,
				617AB46F242B244800959EEE /* AppDelegate.h */,
				617AB470242B244800959EEE /* AppDelegate.m */,
				617AB472242B244800959EEE /* SceneDelegate.h */,
				617AB473242B244800959EEE /* SceneDelegate.m */,
				617AB475242B244800959EEE /* ViewController.h */,
				617AB476242B244800959EEE /* ViewController.m */,
				617AB478242B244800959EEE /* Main.storyboard */,
				617AB47B242B244B00959EEE /* Assets.xcassets */,
				617AB47D242B244B00959EEE /* LaunchScreen.storyboard */,
				617AB480242B244B00959EEE /* Info.plist */,
				617AB481242B244B00959EEE /* main.m */,
			);
			path = LJDownloadManager;
			sourceTree = "<group>";
		};
		617AB48A242B244B00959EEE /* LJDownloadManagerTests */ = {
			isa = PBXGroup;
			children = (
				617AB48B242B244B00959EEE /* LJDownloadManagerTests.m */,
				617AB48D242B244B00959EEE /* Info.plist */,
			);
			path = LJDownloadManagerTests;
			sourceTree = "<group>";
		};
		617AB495242B244B00959EEE /* LJDownloadManagerUITests */ = {
			isa = PBXGroup;
			children = (
				617AB496242B244B00959EEE /* LJDownloadManagerUITests.m */,
				617AB498242B244B00959EEE /* Info.plist */,
			);
			path = LJDownloadManagerUITests;
			sourceTree = "<group>";
		};
/* End PBXGroup section */

/* Begin PBXNativeTarget section */
		617AB46B242B244800959EEE /* LJDownloadManager */ = {
			isa = PBXNativeTarget;
			buildConfigurationList = 617AB49B242B244B00959EEE /* Build configuration list for PBXNativeTarget "LJDownloadManager" */;
			buildPhases = (
				617AB468242B244800959EEE /* Sources */,
				617AB469242B244800959EEE /* Frameworks */,
				617AB46A242B244800959EEE /* Resources */,
			);
			buildRules = (
			);
			dependencies = (
			);
			name = LJDownloadManager;
			productName = LJDownloadManager;
			productReference = 617AB46C242B244800959EEE /* LJDownloadManager.app */;
			productType = "com.apple.product-type.application";
		};
		617AB486242B244B00959EEE /* LJDownloadManagerTests */ = {
			isa = PBXNativeTarget;
			buildConfigurationList = 617AB49E242B244B00959EEE /* Build configuration list for PBXNativeTarget "LJDownloadManagerTests" */;
			buildPhases = (
				617AB483242B244B00959EEE /* Sources */,
				617AB484242B244B00959EEE /* Frameworks */,
				617AB485242B244B00959EEE /* Resources */,
			);
			buildRules = (
			);
			dependencies = (
				617AB489242B244B00959EEE /* PBXTargetDependency */,
			);
			name = LJDownloadManagerTests;
			productName = LJDownloadManagerTests;
			productReference = 617AB487242B244B00959EEE /* LJDownloadManagerTests.xctest */;
			productType = "com.apple.product-type.bundle.unit-test";
		};
		617AB491242B244B00959EEE /* LJDownloadManagerUITests */ = {
			isa = PBXNativeTarget;
			buildConfigurationList = 617AB4A1242B244B00959EEE /* Build configuration list for PBXNativeTarget "LJDownloadManagerUITests" */;
			buildPhases = (
				617AB48E242B244B00959EEE /* Sources */,
				617AB48F242B244B00959EEE /* Frameworks */,
				617AB490242B244B00959EEE /* Resources */,
			);
			buildRules = (
			);
			dependencies = (
				617AB494242B244B00959EEE /* PBXTargetDependency */,
			);
			name = LJDownloadManagerUITests;
			productName = LJDownloadManagerUITests;
			productReference = 617AB492242B244B00959EEE /* LJDownloadManagerUITests.xctest */;
			productType = "com.apple.product-type.bundle.ui-testing";
		};
/* End PBXNativeTarget section */

/* Begin PBXProject section */
		617AB464242B244800959EEE /* Project object */ = {
			isa = PBXProject;
			attributes = {
				LastUpgradeCheck = 1130;
				ORGANIZATIONNAME = lijiehu;
				TargetAttributes = {
					617AB46B242B244800959EEE = {
						CreatedOnToolsVersion = 11.3.1;
					};
					617AB486242B244B00959EEE = {
						CreatedOnToolsVersion = 11.3.1;
						TestTargetID = 617AB46B242B244800959EEE;
					};
					617AB491242B244B00959EEE = {
						CreatedOnToolsVersion = 11.3.1;
						TestTargetID = 617AB46B242B244800959EEE;
					};
				};
			};
			buildConfigurationList = 617AB467242B244800959EEE /* Build configuration list for PBXProject "LJDownloadManager" */;
			compatibilityVersion = "Xcode 9.3";
			developmentRegion = en;
			hasScannedForEncodings = 0;
			knownRegions = (
				en,
				Base,
			);
			mainGroup = 617AB463242B244800959EEE;
			productRefGroup = 617AB46D242B244800959EEE /* Products */;
			projectDirPath = "";
			projectRoot = "";
			targets = (
				617AB46B242B244800959EEE /* LJDownloadManager */,
				617AB486242B244B00959EEE /* LJDownloadManagerTests */,
				617AB491242B244B00959EEE /* LJDownloadManagerUITests */,
			);
		};
/* End PBXProject section */

/* Begin PBXResourcesBuildPhase section */
		617AB46A242B244800959EEE /* Resources */ = {
			isa = PBXResourcesBuildPhase;
			buildActionMask = 2147483647;
			files = (
				617AB47F242B244B00959EEE /* LaunchScreen.storyboard in Resources */,
				617AB47C242B244B00959EEE /* Assets.xcassets in Resources */,
				617AB47A242B244800959EEE /* Main.storyboard in Resources */,
			);
			runOnlyForDeploymentPostprocessing = 0;
		};
		617AB485242B244B00959EEE /* Resources */ = {
			isa = PBXResourcesBuildPhase;
			buildActionMask = 2147483647;
			files = (
			);
			runOnlyForDeploymentPostprocessing = 0;
		};
		617AB490242B244B00959EEE /* Resources */ = {
			isa = PBXResourcesBuildPhase;
			buildActionMask = 2147483647;
			files = (
			);
			runOnlyForDeploymentPostprocessing = 0;
		};
/* End PBXResourcesBuildPhase section */

/* Begin PBXSourcesBuildPhase section */
		617AB468242B244800959EEE /* Sources */ = {
			isa = PBXSourcesBuildPhase;
			buildActionMask = 2147483647;
			files = (
				617AB4AE242B250B00959EEE /* LJDownloadModel.m in Sources */,
				617AB4AF242B250B00959EEE /* LJDownloadManager.m in Sources */,
				617AB477242B244800959EEE /* ViewController.m in Sources */,
				617AB471242B244800959EEE /* AppDelegate.m in Sources */,
				617AB482242B244B00959EEE /* main.m in Sources */,
				617AB474242B244800959EEE /* SceneDelegate.m in Sources */,
			);
			runOnlyForDeploymentPostprocessing = 0;
		};
		617AB483242B244B00959EEE /* Sources */ = {
			isa = PBXSourcesBuildPhase;
			buildActionMask = 2147483647;
			files = (
				617AB48C242B244B00959EEE /* LJDownloadManagerTests.m in Sources */,
			);
			runOnlyForDeploymentPostprocessing = 0;
		};
		617AB48E242B244B00959EEE /* Sources */ = {
			isa = PBXSourcesBuildPhase;
			buildActionMask = 2147483647;
			files = (
				617AB497242B244B00959EEE /* LJDownloadManagerUITests.m in Sources */,
			);
			runOnlyForDeploymentPostprocessing = 0;
		};
/* End PBXSourcesBuildPhase section */

/* Begin PBXTargetDependency section */
		617AB489242B244B00959EEE /* PBXTargetDependency */ = {
			isa = PBXTargetDependency;
			target = 617AB46B242B244800959EEE /* LJDownloadManager */;
			targetProxy = 617AB488242B244B00959EEE /* PBXContainerItemProxy */;
		};
		617AB494242B244B00959EEE /* PBXTargetDependency */ = {
			isa = PBXTargetDependency;
			target = 617AB46B242B244800959EEE /* LJDownloadManager */;
			targetProxy = 617AB493242B244B00959EEE /* PBXContainerItemProxy */;
		};
/* End PBXTargetDependency section */

/* Begin PBXVariantGroup section */
		617AB478242B244800959EEE /* Main.storyboard */ = {
			isa = PBXVariantGroup;
			children = (
				617AB479242B244800959EEE /* Base */,
			);
			name = Main.storyboard;
			sourceTree = "<group>";
		};
		617AB47D242B244B00959EEE /* LaunchScreen.storyboard */ = {
			isa = PBXVariantGroup;
			children = (
				617AB47E242B244B00959EEE /* Base */,
			);
			name = LaunchScreen.storyboard;
			sourceTree = "<group>";
		};
/* End PBXVariantGroup section */

/* Begin XCBuildConfiguration section */
		617AB499242B244B00959EEE /* Debug */ = {
			isa = XCBuildConfiguration;
			buildSettings = {
				ALWAYS_SEARCH_USER_PATHS = NO;
				CLANG_ANALYZER_NONNULL = YES;
				CLANG_ANALYZER_NUMBER_OBJECT_CONVERSION = YES_AGGRESSIVE;
				CLANG_CXX_LANGUAGE_STANDARD = "gnu++14";
				CLANG_CXX_LIBRARY = "libc++";
				CLANG_ENABLE_MODULES = YES;
				CLANG_ENABLE_OBJC_ARC = YES;
				CLANG_ENABLE_OBJC_WEAK = YES;
				CLANG_WARN_BLOCK_CAPTURE_AUTORELEASING = YES;
				CLANG_WARN_BOOL_CONVERSION = YES;
				CLANG_WARN_COMMA = YES;
				CLANG_WARN_CONSTANT_CONVERSION = YES;
				CLANG_WARN_DEPRECATED_OBJC_IMPLEMENTATIONS = YES;
				CLANG_WARN_DIRECT_OBJC_ISA_USAGE = YES_ERROR;
				CLANG_WARN_DOCUMENTATION_COMMENTS = YES;
				CLANG_WARN_EMPTY_BODY = YES;
				CLANG_WARN_ENUM_CONVERSION = YES;
				CLANG_WARN_INFINITE_RECURSION = YES;
				CLANG_WARN_INT_CONVERSION = YES;
				CLANG_WARN_NON_LITERAL_NULL_CONVERSION = YES;
				CLANG_WARN_OBJC_IMPLICIT_RETAIN_SELF = YES;
				CLANG_WARN_OBJC_LITERAL_CONVERSION = YES;
				CLANG_WARN_OBJC_ROOT_CLASS = YES_ERROR;
				CLANG_WARN_RANGE_LOOP_ANALYSIS = YES;
				CLANG_WARN_STRICT_PROTOTYPES = YES;
				CLANG_WARN_SUSPICIOUS_MOVE = YES;
				CLANG_WARN_UNGUARDED_AVAILABILITY = YES_AGGRESSIVE;
				CLANG_WARN_UNREACHABLE_CODE = YES;
				CLANG_WARN__DUPLICATE_METHOD_MATCH = YES;
				COPY_PHASE_STRIP = NO;
				DEBUG_INFORMATION_FORMAT = dwarf;
				ENABLE_STRICT_OBJC_MSGSEND = YES;
				ENABLE_TESTABILITY = YES;
				GCC_C_LANGUAGE_STANDARD = gnu11;
				GCC_DYNAMIC_NO_PIC = NO;
				GCC_NO_COMMON_BLOCKS = YES;
				GCC_OPTIMIZATION_LEVEL = 0;
				GCC_PREPROCESSOR_DEFINITIONS = (
					"DEBUG=1",
					"$(inherited)",
				);
				GCC_WARN_64_TO_32_BIT_CONVERSION = YES;
				GCC_WARN_ABOUT_RETURN_TYPE = YES_ERROR;
				GCC_WARN_UNDECLARED_SELECTOR = YES;
				GCC_WARN_UNINITIALIZED_AUTOS = YES_AGGRESSIVE;
				GCC_WARN_UNUSED_FUNCTION = YES;
				GCC_WARN_UNUSED_VARIABLE = YES;
				IPHONEOS_DEPLOYMENT_TARGET = 13.2;
				MTL_ENABLE_DEBUG_INFO = INCLUDE_SOURCE;
				MTL_FAST_MATH = YES;
				ONLY_ACTIVE_ARCH = YES;
				SDKROOT = iphoneos;
			};
			name = Debug;
		};
		617AB49A242B244B00959EEE /* Release */ = {
			isa = XCBuildConfiguration;
			buildSettings = {
				ALWAYS_SEARCH_USER_PATHS = NO;
				CLANG_ANALYZER_NONNULL = YES;
				CLANG_ANALYZER_NUMBER_OBJECT_CONVERSION = YES_AGGRESSIVE;
				CLANG_CXX_LANGUAGE_STANDARD = "gnu++14";
				CLANG_CXX_LIBRARY = "libc++";
				CLANG_ENABLE_MODULES = YES;
				CLANG_ENABLE_OBJC_ARC = YES;
				CLANG_ENABLE_OBJC_WEAK = YES;
				CLANG_WARN_BLOCK_CAPTURE_AUTORELEASING = YES;
				CLANG_WARN_BOOL_CONVERSION = YES;
				CLANG_WARN_COMMA = YES;
				CLANG_WARN_CONSTANT_CONVERSION = YES;
				CLANG_WARN_DEPRECATED_OBJC_IMPLEMENTATIONS = YES;
				CLANG_WARN_DIRECT_OBJC_ISA_USAGE = YES_ERROR;
				CLANG_WARN_DOCUMENTATION_COMMENTS = YES;
				CLANG_WARN_EMPTY_BODY = YES;
				CLANG_WARN_ENUM_CONVERSION = YES;
				CLANG_WARN_INFINITE_RECURSION = YES;
				CLANG_WARN_INT_CONVERSION = YES;
				CLANG_WARN_NON_LITERAL_NULL_CONVERSION = YES;
				CLANG_WARN_OBJC_IMPLICIT_RETAIN_SELF = YES;
				CLANG_WARN_OBJC_LITERAL_CONVERSION = YES;
				CLANG_WARN_OBJC_ROOT_CLASS = YES_ERROR;
				CLANG_WARN_RANGE_LOOP_ANALYSIS = YES;
				CLANG_WARN_STRICT_PROTOTYPES = YES;
				CLANG_WARN_SUSPICIOUS_MOVE = YES;
				CLANG_WARN_UNGUARDED_AVAILABILITY = YES_AGGRESSIVE;
				CLANG_WARN_UNREACHABLE_CODE = YES;
				CLANG_WARN__DUPLICATE_METHOD_MATCH = YES;
				COPY_PHASE_STRIP = NO;
				DEBUG_INFORMATION_FORMAT = "dwarf-with-dsym";
				ENABLE_NS_ASSERTIONS = NO;
				ENABLE_STRICT_OBJC_MSGSEND = YES;
				GCC_C_LANGUAGE_STANDARD = gnu11;
				GCC_NO_COMMON_BLOCKS = YES;
				GCC_WARN_64_TO_32_BIT_CONVERSION = YES;
				GCC_WARN_ABOUT_RETURN_TYPE = YES_ERROR;
				GCC_WARN_UNDECLARED_SELECTOR = YES;
				GCC_WARN_UNINITIALIZED_AUTOS = YES_AGGRESSIVE;
				GCC_WARN_UNUSED_FUNCTION = YES;
				GCC_WARN_UNUSED_VARIABLE = YES;
				IPHONEOS_DEPLOYMENT_TARGET = 13.2;
				MTL_ENABLE_DEBUG_INFO = NO;
				MTL_FAST_MATH = YES;
				SDKROOT = iphoneos;
				VALIDATE_PRODUCT = YES;
			};
			name = Release;
		};
		617AB49C242B244B00959EEE /* Debug */ = {
			isa = XCBuildConfiguration;
			buildSettings = {
				ASSETCATALOG_COMPILER_APPICON_NAME = AppIcon;
				CODE_SIGN_STYLE = Automatic;
				FRAMEWORK_SEARCH_PATHS = "$(PLATFORM_DIR)/Developer/Library/Frameworks ";
				INFOPLIST_FILE = LJDownloadManager/Info.plist;
				LD_RUNPATH_SEARCH_PATHS = (
					"$(inherited)",
					"@executable_path/Frameworks",
				);
				MARKETING_VERSION = 0.0.2;
				PRODUCT_BUNDLE_IDENTIFIER = com.mxr.LJDownloadManager;
				PRODUCT_NAME = "$(TARGET_NAME)";
				TARGETED_DEVICE_FAMILY = "1,2";
			};
			name = Debug;
		};
		617AB49D242B244B00959EEE /* Release */ = {
			isa = XCBuildConfiguration;
			buildSettings = {
				ASSETCATALOG_COMPILER_APPICON_NAME = AppIcon;
				CODE_SIGN_STYLE = Automatic;
				FRAMEWORK_SEARCH_PATHS = "$(PLATFORM_DIR)/Developer/Library/Frameworks ";
				INFOPLIST_FILE = LJDownloadManager/Info.plist;
				LD_RUNPATH_SEARCH_PATHS = (
					"$(inherited)",
					"@executable_path/Frameworks",
				);
				MARKETING_VERSION = 0.0.2;
				PRODUCT_BUNDLE_IDENTIFIER = com.mxr.LJDownloadManager;
				PRODUCT_NAME = "$(TARGET_NAME)";
				TARGETED_DEVICE_FAMILY = "1,2";
			};
			name = Release;
		};
		617AB49F242B244B00959EEE /* Debug */ = {
			isa = XCBuildConfiguration;
			buildSettings = {
				BUNDLE_LOADER = "$(TEST_HOST)";
				CODE_SIGN_STYLE = Automatic;
				FRAMEWORK_SEARCH_PATHS = "$(PLATFORM_DIR)/Developer/Library/Frameworks";
				INFOPLIST_FILE = LJDownloadManagerTests/Info.plist;
				IPHONEOS_DEPLOYMENT_TARGET = 13.2;
				LD_RUNPATH_SEARCH_PATHS = (
					"$(inherited)",
					"@executable_path/Frameworks",
					"@loader_path/Frameworks",
					"$(PLATFORM_DIR)/Developer/Library/Frameworks",
				);
				PRODUCT_BUNDLE_IDENTIFIER = com.mxr.LJDownloadManagerTests;
				PRODUCT_NAME = "$(TARGET_NAME)";
				TARGETED_DEVICE_FAMILY = "1,2";
				TEST_HOST = "$(BUILT_PRODUCTS_DIR)/LJDownloadManager.app/LJDownloadManager";
			};
			name = Debug;
		};
		617AB4A0242B244B00959EEE /* Release */ = {
			isa = XCBuildConfiguration;
			buildSettings = {
				BUNDLE_LOADER = "$(TEST_HOST)";
				CODE_SIGN_STYLE = Automatic;
				FRAMEWORK_SEARCH_PATHS = "$(PLATFORM_DIR)/Developer/Library/Frameworks";
				INFOPLIST_FILE = LJDownloadManagerTests/Info.plist;
				IPHONEOS_DEPLOYMENT_TARGET = 13.2;
				LD_RUNPATH_SEARCH_PATHS = (
					"$(inherited)",
					"@executable_path/Frameworks",
					"@loader_path/Frameworks",
					"$(PLATFORM_DIR)/Developer/Library/Frameworks",
				);
				PRODUCT_BUNDLE_IDENTIFIER = com.mxr.LJDownloadManagerTests;
				PRODUCT_NAME = "$(TARGET_NAME)";
				TARGETED_DEVICE_FAMILY = "1,2";
				TEST_HOST = "$(BUILT_PRODUCTS_DIR)/LJDownloadManager.app/LJDownloadManager";
			};
			name = Release;
		};
		617AB4A2242B244B00959EEE /* Debug */ = {
			isa = XCBuildConfiguration;
			buildSettings = {
				CODE_SIGN_STYLE = Automatic;
				FRAMEWORK_SEARCH_PATHS = "$(PLATFORM_DIR)/Developer/Library/Frameworks ";
				INFOPLIST_FILE = LJDownloadManagerUITests/Info.plist;
				LD_RUNPATH_SEARCH_PATHS = (
					"$(inherited)",
					"@executable_path/Frameworks",
					"@loader_path/Frameworks",
					"$(PLATFORM_DIR)/Developer/Library/Frameworks",
				);
				PRODUCT_BUNDLE_IDENTIFIER = com.mxr.LJDownloadManagerUITests;
				PRODUCT_NAME = "$(TARGET_NAME)";
				TARGETED_DEVICE_FAMILY = "1,2";
				TEST_TARGET_NAME = LJDownloadManager;
			};
			name = Debug;
		};
		617AB4A3242B244B00959EEE /* Release */ = {
			isa = XCBuildConfiguration;
			buildSettings = {
				CODE_SIGN_STYLE = Automatic;
				FRAMEWORK_SEARCH_PATHS = "$(PLATFORM_DIR)/Developer/Library/Frameworks ";
				INFOPLIST_FILE = LJDownloadManagerUITests/Info.plist;
				LD_RUNPATH_SEARCH_PATHS = (
					"$(inherited)",
					"@executable_path/Frameworks",
					"@loader_path/Frameworks",
					"$(PLATFORM_DIR)/Developer/Library/Frameworks",
				);
				PRODUCT_BUNDLE_IDENTIFIER = com.mxr.LJDownloadManagerUITests;
				PRODUCT_NAME = "$(TARGET_NAME)";
				TARGETED_DEVICE_FAMILY = "1,2";
				TEST_TARGET_NAME = LJDownloadManager;
			};
			name = Release;
		};
/* End XCBuildConfiguration section */

/* Begin XCConfigurationList section */
		617AB467242B244800959EEE /* Build configuration list for PBXProject "LJDownloadManager" */ = {
			isa = XCConfigurationList;
			buildConfigurations = (
				617AB499242B244B00959EEE /* Debug */,
				617AB49A242B244B00959EEE /* Release */,
			);
			defaultConfigurationIsVisible = 0;
			defaultConfigurationName = Release;
		};
		617AB49B242B244B00959EEE /* Build configuration list for PBXNativeTarget "LJDownloadManager" */ = {
			isa = XCConfigurationList;
			buildConfigurations = (
				617AB49C242B244B00959EEE /* Debug */,
				617AB49D242B244B00959EEE /* Release */,
			);
			defaultConfigurationIsVisible = 0;
			defaultConfigurationName = Release;
		};
		617AB49E242B244B00959EEE /* Build configuration list for PBXNativeTarget "LJDownloadManagerTests" */ = {
			isa = XCConfigurationList;
			buildConfigurations = (
				617AB49F242B244B00959EEE /* Debug */,
				617AB4A0242B244B00959EEE /* Release */,
			);
			defaultConfigurationIsVisible = 0;
			defaultConfigurationName = Release;
		};
		617AB4A1242B244B00959EEE /* Build configuration list for PBXNativeTarget "LJDownloadManagerUITests" */ = {
			isa = XCConfigurationList;
			buildConfigurations = (
				617AB4A2242B244B00959EEE /* Debug */,
				617AB4A3242B244B00959EEE /* Release */,
			);
			defaultConfigurationIsVisible = 0;
			defaultConfigurationName = Release;
		};
/* End XCConfigurationList section */
	};
	rootObject = 617AB464242B244800959EEE /* Project object */;
}
